# THIS IS AN AUTOGENERATED FILE. DO NOT EDIT THIS FILE DIRECTLY.
# yarn lockfile v1


copy-to-clipboard@^3.3.1:
  version "3.3.1"
  resolved "https://registry.npm.taobao.org/copy-to-clipboard/download/copy-to-clipboard-3.3.1.tgz?cache=0&other_urls=https%3A%2F%2Fregistry.npm.taobao.org%2Fcopy-to-clipboard%2Fdownload%2Fcopy-to-clipboard-3.3.1.tgz#115aa1a9998ffab6196f93076ad6da3b913662ae"
  integrity sha1-EVqhqZmP+rYZb5MHatbaO5E2Yq4=
  dependencies:
    toggle-selection "^1.0.6"

toggle-selection@^1.0.6:
  version "1.0.6"
  resolved "https://registry.npm.taobao.org/toggle-selection/download/toggle-selection-1.0.6.tgz#6e45b1263f2017fa0acc7d89d78b15b8bf77da32"
  integrity sha1-bkWxJj8gF/oKzH2J14sVuL932jI=
